
Microsoft Visual Studio Solution File, Format Version 12.00
# Visual Studio Version 16
VisualStudioVersion = 16.0.29025.244
MinimumVisualStudioVersion = 10.0.40219.1
Project("{FAE04EC0-301F-11D3-BF4B-00C04F79EFBC}") = "JazSharp", "JazSharp\JazSharp.csproj", "{80D420F3-37A1-407B-84DB-249107747127}"
EndProject
Project("{FAE04EC0-301F-11D3-BF4B-00C04F79EFBC}") = "JazSharp.Tests", "JazSharp.Tests\JazSharp.Tests.csproj", "{442B5DF7-847B-4170-8679-15380675FEB2}"
EndProject
Project("{FAE04EC0-301F-11D3-BF4B-00C04F79EFBC}") = "JazSharp.ManualTest", "JazSharp.ManualTest\JazSharp.ManualTest.csproj", "{795AA6A0-50B4-4506-84A2-849F57CAECEC}"
EndProject
Global
	GlobalSection(SolutionConfigurationPlatforms) = preSolution
		Debug|Any CPU = Debug|Any CPU
		Release|Any CPU = Release|Any CPU
	EndGlobalSection
	GlobalSection(ProjectConfigurationPlatforms) = postSolution
		{80D420F3-37A1-407B-84DB-249107747127}.Debug|Any CPU.ActiveCfg = Debug|Any CPU
		{80D420F3-37A1-407B-84DB-249107747127}.Debug|Any CPU.Build.0 = Debug|Any CPU
		{80D420F3-37A1-407B-84DB-249107747127}.Release|Any CPU.ActiveCfg = Release|Any CPU
		{80D420F3-37A1-407B-84DB-249107747127}.Release|Any CPU.Build.0 = Release|Any CPU
		{442B5DF7-847B-4170-8679-15380675FEB2}.Debug|Any CPU.ActiveCfg = Debug|Any CPU
		{442B5DF7-847B-4170-8679-15380675FEB2}.Debug|Any CPU.Build.0 = Debug|Any CPU
		{442B5DF7-847B-4170-8679-15380675FEB2}.Release|Any CPU.ActiveCfg = Release|Any CPU
		{442B5DF7-847B-4170-8679-15380675FEB2}.Release|Any CPU.Build.0 = Release|Any CPU
		{795AA6A0-50B4-4506-84A2-849F57CAECEC}.Debug|Any CPU.ActiveCfg = Debug|Any CPU
		{795AA6A0-50B4-4506-84A2-849F57CAECEC}.Debug|Any CPU.Build.0 = Debug|Any CPU
		{795AA6A0-50B4-4506-84A2-849F57CAECEC}.Release|Any CPU.ActiveCfg = Debug|Any CPU
		{795AA6A0-50B4-4506-84A2-849F57CAECEC}.Release|Any CPU.Build.0 = Debug|Any CPU
	EndGlobalSection
	GlobalSection(SolutionProperties) = preSolution
		HideSolutionNode = FALSE
	EndGlobalSection
	GlobalSection(ExtensibilityGlobals) = postSolution
		SolutionGuid = {4B038C08-BAC0-4B1F-8320-8D4BA4DAEED8}
	EndGlobalSection
EndGlobal
